// !$*UTF8*$!
{
	archiveVersion = 1;
	classes = {
	};
	objectVersion = 56;
	objects = {

/* Begin PBXBuildFile section */
		27114B222CED36BC008B30D1 /* PPU.cpp in Sources */ = {isa = PBXBuildFile; fileRef = 27114B202CED36BC008B30D1 /* PPU.cpp */; };
		27E4B0312D28AEF30018AEED /* libsfml-graphics.dylib in Frameworks */ = {isa = PBXBuildFile; fileRef = 27E4B0302D28AEF30018AEED /* libsfml-graphics.dylib */; };
		27E4B0332D28AEF80018AEED /* libsfml-network.dylib in Frameworks */ = {isa = PBXBuildFile; fileRef = 27E4B0322D28AEF80018AEED /* libsfml-network.dylib */; };
		27E4B0352D28AEFB0018AEED /* libsfml-system.dylib in Frameworks */ = {isa = PBXBuildFile; fileRef = 27E4B0342D28AEFB0018AEED /* libsfml-system.dylib */; };
		27E4B0372D28AEFD0018AEED /* libsfml-window.dylib in Frameworks */ = {isa = PBXBuildFile; fileRef = 27E4B0362D28AEFD0018AEED /* libsfml-window.dylib */; };
		27E4B0392D28AF000018AEED /* libsfml-audio.dylib in Frameworks */ = {isa = PBXBuildFile; fileRef = 27E4B0382D28AF000018AEED /* libsfml-audio.dylib */; };
		27E4B03B2D28B1510018AEED /* OpenAL.framework in Frameworks */ = {isa = PBXBuildFile; fileRef = 27E4B03A2D28B1510018AEED /* OpenAL.framework */; };
		27E4B03D2D28B1780018AEED /* CoreAudio.framework in Frameworks */ = {isa = PBXBuildFile; fileRef = 27E4B03C2D28B1780018AEED /* CoreAudio.framework */; };
		27E4B03F2D28B18E0018AEED /* Carbon.framework in Frameworks */ = {isa = PBXBuildFile; fileRef = 27E4B03E2D28B18E0018AEED /* Carbon.framework */; };
		27E4B0412D28B1A00018AEED /* AudioToolbox.framework in Frameworks */ = {isa = PBXBuildFile; fileRef = 27E4B0402D28B1A00018AEED /* AudioToolbox.framework */; };
		27E4B0432D28B1AF0018AEED /* IOKit.framework in Frameworks */ = {isa = PBXBuildFile; fileRef = 27E4B0422D28B1AF0018AEED /* IOKit.framework */; };
		27E4B0472D28B8C30018AEED /* gui.cpp in Sources */ = {isa = PBXBuildFile; fileRef = 27E4B0452D28B8C30018AEED /* gui.cpp */; };
		27E4B04D2D29A5720018AEED /* instructions.cpp in Sources */ = {isa = PBXBuildFile; fileRef = 27E4B04B2D29A5720018AEED /* instructions.cpp */; };
		27F3A9DE2CC01D5700929760 /* main.cpp in Sources */ = {isa = PBXBuildFile; fileRef = 27F3A9DD2CC01D5700929760 /* main.cpp */; };
		27F3A9E62CC01F4C00929760 /* 6502emu.cpp in Sources */ = {isa = PBXBuildFile; fileRef = 27F3A9E42CC01F4C00929760 /* 6502emu.cpp */; };
/* End PBXBuildFile section */

/* Begin PBXCopyFilesBuildPhase section */
		27F3A9D82CC01D5700929760 /* CopyFiles */ = {
			isa = PBXCopyFilesBuildPhase;
			buildActionMask = 2147483647;
			dstPath = /usr/share/man/man1/;
			dstSubfolderSpec = 0;
			files = (
			);
			runOnlyForDeploymentPostprocessing = 1;
		};
/* End PBXCopyFilesBuildPhase section */

/* Begin PBXFileReference section */
		27114B202CED36BC008B30D1 /* PPU.cpp */ = {isa = PBXFileReference; lastKnownFileType = sourcecode.cpp.cpp; path = PPU.cpp; sourceTree = "<group>"; };
		27114B212CED36BC008B30D1 /* PPU.hpp */ = {isa = PBXFileReference; lastKnownFileType = sourcecode.cpp.h; path = PPU.hpp; sourceTree = "<group>"; };
		27114B252CEEC7F8008B30D1 /* Donkey Kong (Japan).nes */ = {isa = PBXFileReference; lastKnownFileType = file; path = "Donkey Kong (Japan).nes"; sourceTree = "<group>"; };
		27E4B02E2D28AEE30018AEED /* libsfml-graphics.3.0.dylib */ = {isa = PBXFileReference; lastKnownFileType = "compiled.mach-o.dylib"; name = "libsfml-graphics.3.0.dylib"; path = "../../../../../../../opt/homebrew/Cellar/sfml/3.0.0/lib/libsfml-graphics.3.0.dylib"; sourceTree = "<group>"; };
		27E4B0302D28AEF30018AEED /* libsfml-graphics.dylib */ = {isa = PBXFileReference; lastKnownFileType = "compiled.mach-o.dylib"; name = "libsfml-graphics.dylib"; path = "../../../../../../../opt/homebrew/Cellar/sfml/3.0.0/lib/libsfml-graphics.dylib"; sourceTree = "<group>"; };
		27E4B0322D28AEF80018AEED /* libsfml-network.dylib */ = {isa = PBXFileReference; lastKnownFileType = "compiled.mach-o.dylib"; name = "libsfml-network.dylib"; path = "../../../../../../../opt/homebrew/Cellar/sfml/3.0.0/lib/libsfml-network.dylib"; sourceTree = "<group>"; };
		27E4B0342D28AEFB0018AEED /* libsfml-system.dylib */ = {isa = PBXFileReference; lastKnownFileType = "compiled.mach-o.dylib"; name = "libsfml-system.dylib"; path = "../../../../../../../opt/homebrew/Cellar/sfml/3.0.0/lib/libsfml-system.dylib"; sourceTree = "<group>"; };
		27E4B0362D28AEFD0018AEED /* libsfml-window.dylib */ = {isa = PBXFileReference; lastKnownFileType = "compiled.mach-o.dylib"; name = "libsfml-window.dylib"; path = "../../../../../../../opt/homebrew/Cellar/sfml/3.0.0/lib/libsfml-window.dylib"; sourceTree = "<group>"; };
		27E4B0382D28AF000018AEED /* libsfml-audio.dylib */ = {isa = PBXFileReference; lastKnownFileType = "compiled.mach-o.dylib"; name = "libsfml-audio.dylib"; path = "../../../../../../../opt/homebrew/Cellar/sfml/3.0.0/lib/libsfml-audio.dylib"; sourceTree = "<group>"; };
		27E4B03A2D28B1510018AEED /* OpenAL.framework */ = {isa = PBXFileReference; lastKnownFileType = wrapper.framework; name = OpenAL.framework; path = ../../../../../../../System/Library/Frameworks/OpenAL.framework; sourceTree = "<group>"; };
		27E4B03C2D28B1780018AEED /* CoreAudio.framework */ = {isa = PBXFileReference; lastKnownFileType = wrapper.framework; name = CoreAudio.framework; path = ../../../../../../../System/Library/Frameworks/CoreAudio.framework; sourceTree = "<group>"; };
		27E4B03E2D28B18E0018AEED /* Carbon.framework */ = {isa = PBXFileReference; lastKnownFileType = wrapper.framework; name = Carbon.framework; path = ../../../../../../../System/Library/Frameworks/Carbon.framework; sourceTree = "<group>"; };
		27E4B0402D28B1A00018AEED /* AudioToolbox.framework */ = {isa = PBXFileReference; lastKnownFileType = wrapper.framework; name = AudioToolbox.framework; path = ../../../../../../../System/Library/Frameworks/AudioToolbox.framework; sourceTree = "<group>"; };
		27E4B0422D28B1AF0018AEED /* IOKit.framework */ = {isa = PBXFileReference; lastKnownFileType = wrapper.framework; name = IOKit.framework; path = ../../../../../../../System/Library/Frameworks/IOKit.framework; sourceTree = "<group>"; };
		27E4B0452D28B8C30018AEED /* gui.cpp */ = {isa = PBXFileReference; lastKnownFileType = sourcecode.cpp.cpp; path = gui.cpp; sourceTree = "<group>"; };
		27E4B0462D28B8C30018AEED /* gui.hpp */ = {isa = PBXFileReference; lastKnownFileType = sourcecode.cpp.h; path = gui.hpp; sourceTree = "<group>"; };
		27E4B04B2D29A5720018AEED /* instructions.cpp */ = {isa = PBXFileReference; lastKnownFileType = sourcecode.cpp.cpp; path = instructions.cpp; sourceTree = "<group>"; };
		27E4B04C2D29A5720018AEED /* instructions.hpp */ = {isa = PBXFileReference; lastKnownFileType = sourcecode.cpp.h; path = instructions.hpp; sourceTree = "<group>"; };
		27F3A9DA2CC01D5700929760 /* emulator_6502 */ = {isa = PBXFileReference; explicitFileType = "compiled.mach-o.executable"; includeInIndex = 0; path = emulator_6502; sourceTree = BUILT_PRODUCTS_DIR; };
		27F3A9DD2CC01D5700929760 /* main.cpp */ = {isa = PBXFileReference; lastKnownFileType = sourcecode.cpp.cpp; path = main.cpp; sourceTree = "<group>"; };
		27F3A9E42CC01F4C00929760 /* 6502emu.cpp */ = {isa = PBXFileReference; lastKnownFileType = sourcecode.cpp.cpp; path = 6502emu.cpp; sourceTree = "<group>"; };
		27F3A9E52CC01F4C00929760 /* 6502emu.hpp */ = {isa = PBXFileReference; lastKnownFileType = sourcecode.cpp.h; path = 6502emu.hpp; sourceTree = "<group>"; };
/* End PBXFileReference section */

/* Begin PBXFrameworksBuildPhase section */
		27F3A9D72CC01D5700929760 /* Frameworks */ = {
			isa = PBXFrameworksBuildPhase;
			buildActionMask = 2147483647;
			files = (
				27E4B0432D28B1AF0018AEED /* IOKit.framework in Frameworks */,
				27E4B0412D28B1A00018AEED /* AudioToolbox.framework in Frameworks */,
				27E4B03F2D28B18E0018AEED /* Carbon.framework in Frameworks */,
				27E4B03D2D28B1780018AEED /* CoreAudio.framework in Frameworks */,
				27E4B03B2D28B1510018AEED /* OpenAL.framework in Frameworks */,
				27E4B0312D28AEF30018AEED /* libsfml-graphics.dylib in Frameworks */,
				27E4B0332D28AEF80018AEED /* libsfml-network.dylib in Frameworks */,
				27E4B0352D28AEFB0018AEED /* libsfml-system.dylib in Frameworks */,
				27E4B0372D28AEFD0018AEED /* libsfml-window.dylib in Frameworks */,
				27E4B0392D28AF000018AEED /* libsfml-audio.dylib in Frameworks */,
			);
			runOnlyForDeploymentPostprocessing = 0;
		};
/* End PBXFrameworksBuildPhase section */

/* Begin PBXGroup section */
		27114B232CEEC620008B30D1 /* roms */ = {
			isa = PBXGroup;
			children = (
				27114B252CEEC7F8008B30D1 /* Donkey Kong (Japan).nes */,
			);
			path = roms;
			sourceTree = "<group>";
		};
		27E4B02B2D27ACB50018AEED /* PPU */ = {
			isa = PBXGroup;
			children = (
				27114B212CED36BC008B30D1 /* PPU.hpp */,
				27114B202CED36BC008B30D1 /* PPU.cpp */,
			);
			path = PPU;
			sourceTree = "<group>";
		};
		27E4B02C2D27ACBE0018AEED /* CPU */ = {
			isa = PBXGroup;
			children = (
				27F3A9E42CC01F4C00929760 /* 6502emu.cpp */,
				27F3A9E52CC01F4C00929760 /* 6502emu.hpp */,
				27E4B04B2D29A5720018AEED /* instructions.cpp */,
				27E4B04C2D29A5720018AEED /* instructions.hpp */,
			);
			path = CPU;
			sourceTree = "<group>";
		};
		27E4B02D2D28AEE30018AEED /* Frameworks */ = {
			isa = PBXGroup;
			children = (
				27E4B0422D28B1AF0018AEED /* IOKit.framework */,
				27E4B0402D28B1A00018AEED /* AudioToolbox.framework */,
				27E4B03E2D28B18E0018AEED /* Carbon.framework */,
				27E4B03C2D28B1780018AEED /* CoreAudio.framework */,
				27E4B03A2D28B1510018AEED /* OpenAL.framework */,
				27E4B0382D28AF000018AEED /* libsfml-audio.dylib */,
				27E4B0362D28AEFD0018AEED /* libsfml-window.dylib */,
				27E4B0342D28AEFB0018AEED /* libsfml-system.dylib */,
				27E4B0322D28AEF80018AEED /* libsfml-network.dylib */,
				27E4B0302D28AEF30018AEED /* libsfml-graphics.dylib */,
				27E4B02E2D28AEE30018AEED /* libsfml-graphics.3.0.dylib */,
			);
			name = Frameworks;
			sourceTree = "<group>";
		};
		27E4B0442D28B89E0018AEED /* screen */ = {
			isa = PBXGroup;
			children = (
				27E4B0452D28B8C30018AEED /* gui.cpp */,
				27E4B0462D28B8C30018AEED /* gui.hpp */,
			);
			path = screen;
			sourceTree = "<group>";
		};
		27F3A9D12CC01D5700929760 = {
			isa = PBXGroup;
			children = (
				27F3A9DC2CC01D5700929760 /* emulator_6502 */,
				27F3A9DB2CC01D5700929760 /* Products */,
				27E4B02D2D28AEE30018AEED /* Frameworks */,
			);
			sourceTree = "<group>";
		};
		27F3A9DB2CC01D5700929760 /* Products */ = {
			isa = PBXGroup;
			children = (
				27F3A9DA2CC01D5700929760 /* emulator_6502 */,
			);
			name = Products;
			sourceTree = "<group>";
		};
		27F3A9DC2CC01D5700929760 /* emulator_6502 */ = {
			isa = PBXGroup;
			children = (
				27F3A9DD2CC01D5700929760 /* main.cpp */,
				27E4B0442D28B89E0018AEED /* screen */,
				27114B232CEEC620008B30D1 /* roms */,
				27E4B02B2D27ACB50018AEED /* PPU */,
				27E4B02C2D27ACBE0018AEED /* CPU */,
			);
			path = emulator_6502;
			sourceTree = "<group>";
		};
/* End PBXGroup section */

/* Begin PBXNativeTarget section */
		27F3A9D92CC01D5700929760 /* emulator_6502 */ = {
			isa = PBXNativeTarget;
			buildConfigurationList = 27F3A9E12CC01D5700929760 /* Build configuration list for PBXNativeTarget "emulator_6502" */;
			buildPhases = (
				27F3A9D62CC01D5700929760 /* Sources */,
				27F3A9D72CC01D5700929760 /* Frameworks */,
				27F3A9D82CC01D5700929760 /* CopyFiles */,
			);
			buildRules = (
			);
			dependencies = (
			);
			name = emulator_6502;
			productName = emulator_6502;
			productReference = 27F3A9DA2CC01D5700929760 /* emulator_6502 */;
			productType = "com.apple.product-type.tool";
		};
/* End PBXNativeTarget section */

/* Begin PBXProject section */
		27F3A9D22CC01D5700929760 /* Project object */ = {
			isa = PBXProject;
			attributes = {
				BuildIndependentTargetsInParallel = 1;
				LastUpgradeCheck = 1540;
				TargetAttributes = {
					27F3A9D92CC01D5700929760 = {
						CreatedOnToolsVersion = 15.4;
					};
				};
			};
			buildConfigurationList = 27F3A9D52CC01D5700929760 /* Build configuration list for PBXProject "emulator_6502" */;
			compatibilityVersion = "Xcode 14.0";
			developmentRegion = en;
			hasScannedForEncodings = 0;
			knownRegions = (
				en,
				Base,
			);
			mainGroup = 27F3A9D12CC01D5700929760;
			productRefGroup = 27F3A9DB2CC01D5700929760 /* Products */;
			projectDirPath = "";
			projectRoot = "";
			targets = (
				27F3A9D92CC01D5700929760 /* emulator_6502 */,
			);
		};
/* End PBXProject section */

/* Begin PBXSourcesBuildPhase section */
		27F3A9D62CC01D5700929760 /* Sources */ = {
			isa = PBXSourcesBuildPhase;
			buildActionMask = 2147483647;
			files = (
				27114B222CED36BC008B30D1 /* PPU.cpp in Sources */,
				27E4B0472D28B8C30018AEED /* gui.cpp in Sources */,
				27F3A9E62CC01F4C00929760 /* 6502emu.cpp in Sources */,
				27F3A9DE2CC01D5700929760 /* main.cpp in Sources */,
				27E4B04D2D29A5720018AEED /* instructions.cpp in Sources */,
			);
			runOnlyForDeploymentPostprocessing = 0;
		};
/* End PBXSourcesBuildPhase section */

/* Begin XCBuildConfiguration section */
		27F3A9DF2CC01D5700929760 /* Debug */ = {
			isa = XCBuildConfiguration;
			buildSettings = {
				ALWAYS_SEARCH_USER_PATHS = NO;
				ASSETCATALOG_COMPILER_GENERATE_SWIFT_ASSET_SYMBOL_EXTENSIONS = YES;
				CLANG_ANALYZER_NONNULL = YES;
				CLANG_ANALYZER_NUMBER_OBJECT_CONVERSION = YES_AGGRESSIVE;
				CLANG_CXX_LANGUAGE_STANDARD = "gnu++20";
				CLANG_ENABLE_MODULES = YES;
				CLANG_ENABLE_OBJC_ARC = YES;
				CLANG_ENABLE_OBJC_WEAK = YES;
				CLANG_WARN_BLOCK_CAPTURE_AUTORELEASING = YES;
				CLANG_WARN_BOOL_CONVERSION = YES;
				CLANG_WARN_COMMA = YES;
				CLANG_WARN_CONSTANT_CONVERSION = YES;
				CLANG_WARN_DEPRECATED_OBJC_IMPLEMENTATIONS = YES;
				CLANG_WARN_DIRECT_OBJC_ISA_USAGE = YES_ERROR;
				CLANG_WARN_DOCUMENTATION_COMMENTS = YES;
				CLANG_WARN_EMPTY_BODY = YES;
				CLANG_WARN_ENUM_CONVERSION = YES;
				CLANG_WARN_INFINITE_RECURSION = YES;
				CLANG_WARN_INT_CONVERSION = YES;
				CLANG_WARN_NON_LITERAL_NULL_CONVERSION = YES;
				CLANG_WARN_OBJC_IMPLICIT_RETAIN_SELF = YES;
				CLANG_WARN_OBJC_LITERAL_CONVERSION = YES;
				CLANG_WARN_OBJC_ROOT_CLASS = YES_ERROR;
				CLANG_WARN_QUOTED_INCLUDE_IN_FRAMEWORK_HEADER = YES;
				CLANG_WARN_RANGE_LOOP_ANALYSIS = YES;
				CLANG_WARN_STRICT_PROTOTYPES = YES;
				CLANG_WARN_SUSPICIOUS_MOVE = YES;
				CLANG_WARN_UNGUARDED_AVAILABILITY = YES_AGGRESSIVE;
				CLANG_WARN_UNREACHABLE_CODE = YES;
				CLANG_WARN__DUPLICATE_METHOD_MATCH = YES;
				COPY_PHASE_STRIP = NO;
				DEBUG_INFORMATION_FORMAT = dwarf;
				ENABLE_STRICT_OBJC_MSGSEND = YES;
				ENABLE_TESTABILITY = YES;
				ENABLE_USER_SCRIPT_SANDBOXING = YES;
				GCC_C_LANGUAGE_STANDARD = gnu17;
				GCC_DYNAMIC_NO_PIC = NO;
				GCC_NO_COMMON_BLOCKS = YES;
				GCC_OPTIMIZATION_LEVEL = 0;
				GCC_PREPROCESSOR_DEFINITIONS = (
					"DEBUG=1",
					"$(inherited)",
				);
				GCC_WARN_64_TO_32_BIT_CONVERSION = YES;
				GCC_WARN_ABOUT_RETURN_TYPE = YES_ERROR;
				GCC_WARN_UNDECLARED_SELECTOR = YES;
				GCC_WARN_UNINITIALIZED_AUTOS = YES_AGGRESSIVE;
				GCC_WARN_UNUSED_FUNCTION = YES;
				GCC_WARN_UNUSED_VARIABLE = YES;
				HEADER_SEARCH_PATHS = /opt/homebrew/Cellar/sfml/3.0.0/include;
				LIBRARY_SEARCH_PATHS = /opt/homebrew/Cellar/sfml/3.0.0/lib;
				LOCALIZATION_PREFERS_STRING_CATALOGS = YES;
				MACOSX_DEPLOYMENT_TARGET = 14.2;
				MTL_ENABLE_DEBUG_INFO = INCLUDE_SOURCE;
				MTL_FAST_MATH = YES;
				ONLY_ACTIVE_ARCH = YES;
				SDKROOT = macosx;
			};
			name = Debug;
		};
		27F3A9E02CC01D5700929760 /* Release */ = {
			isa = XCBuildConfiguration;
			buildSettings = {
				ALWAYS_SEARCH_USER_PATHS = NO;
				ASSETCATALOG_COMPILER_GENERATE_SWIFT_ASSET_SYMBOL_EXTENSIONS = YES;
				CLANG_ANALYZER_NONNULL = YES;
				CLANG_ANALYZER_NUMBER_OBJECT_CONVERSION = YES_AGGRESSIVE;
				CLANG_CXX_LANGUAGE_STANDARD = "gnu++20";
				CLANG_ENABLE_MODULES = YES;
				CLANG_ENABLE_OBJC_ARC = YES;
				CLANG_ENABLE_OBJC_WEAK = YES;
				CLANG_WARN_BLOCK_CAPTURE_AUTORELEASING = YES;
				CLANG_WARN_BOOL_CONVERSION = YES;
				CLANG_WARN_COMMA = YES;
				CLANG_WARN_CONSTANT_CONVERSION = YES;
				CLANG_WARN_DEPRECATED_OBJC_IMPLEMENTATIONS = YES;
				CLANG_WARN_DIRECT_OBJC_ISA_USAGE = YES_ERROR;
				CLANG_WARN_DOCUMENTATION_COMMENTS = YES;
				CLANG_WARN_EMPTY_BODY = YES;
				CLANG_WARN_ENUM_CONVERSION = YES;
				CLANG_WARN_INFINITE_RECURSION = YES;
				CLANG_WARN_INT_CONVERSION = YES;
				CLANG_WARN_NON_LITERAL_NULL_CONVERSION = YES;
				CLANG_WARN_OBJC_IMPLICIT_RETAIN_SELF = YES;
				CLANG_WARN_OBJC_LITERAL_CONVERSION = YES;
				CLANG_WARN_OBJC_ROOT_CLASS = YES_ERROR;
				CLANG_WARN_QUOTED_INCLUDE_IN_FRAMEWORK_HEADER = YES;
				CLANG_WARN_RANGE_LOOP_ANALYSIS = YES;
				CLANG_WARN_STRICT_PROTOTYPES = YES;
				CLANG_WARN_SUSPICIOUS_MOVE = YES;
				CLANG_WARN_UNGUARDED_AVAILABILITY = YES_AGGRESSIVE;
				CLANG_WARN_UNREACHABLE_CODE = YES;
				CLANG_WARN__DUPLICATE_METHOD_MATCH = YES;
				COPY_PHASE_STRIP = NO;
				DEBUG_INFORMATION_FORMAT = "dwarf-with-dsym";
				ENABLE_NS_ASSERTIONS = NO;
				ENABLE_STRICT_OBJC_MSGSEND = YES;
				ENABLE_USER_SCRIPT_SANDBOXING = YES;
				GCC_C_LANGUAGE_STANDARD = gnu17;
				GCC_NO_COMMON_BLOCKS = YES;
				GCC_WARN_64_TO_32_BIT_CONVERSION = YES;
				GCC_WARN_ABOUT_RETURN_TYPE = YES_ERROR;
				GCC_WARN_UNDECLARED_SELECTOR = YES;
				GCC_WARN_UNINITIALIZED_AUTOS = YES_AGGRESSIVE;
				GCC_WARN_UNUSED_FUNCTION = YES;
				GCC_WARN_UNUSED_VARIABLE = YES;
				HEADER_SEARCH_PATHS = /opt/homebrew/Cellar/sfml/3.0.0/include;
				LIBRARY_SEARCH_PATHS = /opt/homebrew/Cellar/sfml/3.0.0/lib;
				LOCALIZATION_PREFERS_STRING_CATALOGS = YES;
				MACOSX_DEPLOYMENT_TARGET = 14.2;
				MTL_ENABLE_DEBUG_INFO = NO;
				MTL_FAST_MATH = YES;
				SDKROOT = macosx;
			};
			name = Release;
		};
		27F3A9E22CC01D5700929760 /* Debug */ = {
			isa = XCBuildConfiguration;
			buildSettings = {
				CODE_SIGN_STYLE = Automatic;
				PRODUCT_NAME = "$(TARGET_NAME)";
			};
			name = Debug;
		};
		27F3A9E32CC01D5700929760 /* Release */ = {
			isa = XCBuildConfiguration;
			buildSettings = {
				CODE_SIGN_STYLE = Automatic;
				PRODUCT_NAME = "$(TARGET_NAME)";
			};
			name = Release;
		};
/* End XCBuildConfiguration section */

/* Begin XCConfigurationList section */
		27F3A9D52CC01D5700929760 /* Build configuration list for PBXProject "emulator_6502" */ = {
			isa = XCConfigurationList;
			buildConfigurations = (
				27F3A9DF2CC01D5700929760 /* Debug */,
				27F3A9E02CC01D5700929760 /* Release */,
			);
			defaultConfigurationIsVisible = 0;
			defaultConfigurationName = Release;
		};
		27F3A9E12CC01D5700929760 /* Build configuration list for PBXNativeTarget "emulator_6502" */ = {
			isa = XCConfigurationList;
			buildConfigurations = (
				27F3A9E22CC01D5700929760 /* Debug */,
				27F3A9E32CC01D5700929760 /* Release */,
			);
			defaultConfigurationIsVisible = 0;
			defaultConfigurationName = Release;
		};
/* End XCConfigurationList section */
	};
	rootObject = 27F3A9D22CC01D5700929760 /* Project object */;
}
